
Microsoft Visual Studio Solution File, Format Version 12.00
# Visual Studio Version 17
VisualStudioVersion = 17.14.36414.22
MinimumVisualStudioVersion = 10.0.40219.1
Project("{FAE04EC0-301F-11D3-BF4B-00C04F79EFBC}") = "AsyncEndpoints", "src\AsyncEndpoints\AsyncEndpoints.csproj", "{7EE275D0-B326-8786-B888-B960742485DE}"
EndProject
Project("{FAE04EC0-301F-11D3-BF4B-00C04F79EFBC}") = "AsyncEndpoints.API", "src\AsyncEndpoints.API\AsyncEndpoints.API.csproj", "{DC58A373-04E6-45AC-A37E-57B550F921B7}"
EndProject
Global
	GlobalSection(SolutionConfigurationPlatforms) = preSolution
		Debug|Any CPU = Debug|Any CPU
		Release|Any CPU = Release|Any CPU
	EndGlobalSection
	GlobalSection(ProjectConfigurationPlatforms) = postSolution
		{7EE275D0-B326-8786-B888-B960742485DE}.Debug|Any CPU.ActiveCfg = Debug|Any CPU
		{7EE275D0-B326-8786-B888-B960742485DE}.Debug|Any CPU.Build.0 = Debug|Any CPU
		{7EE275D0-B326-8786-B888-B960742485DE}.Release|Any CPU.ActiveCfg = Release|Any CPU
		{7EE275D0-B326-8786-B888-B960742485DE}.Release|Any CPU.Build.0 = Release|Any CPU
		{DC58A373-04E6-45AC-A37E-57B550F921B7}.Debug|Any CPU.ActiveCfg = Debug|Any CPU
		{DC58A373-04E6-45AC-A37E-57B550F921B7}.Debug|Any CPU.Build.0 = Debug|Any CPU
		{DC58A373-04E6-45AC-A37E-57B550F921B7}.Release|Any CPU.ActiveCfg = Release|Any CPU
		{DC58A373-04E6-45AC-A37E-57B550F921B7}.Release|Any CPU.Build.0 = Release|Any CPU
	EndGlobalSection
	GlobalSection(SolutionProperties) = preSolution
		HideSolutionNode = FALSE
	EndGlobalSection
	GlobalSection(ExtensibilityGlobals) = postSolution
		SolutionGuid = {4327809C-DF4B-447B-9133-EFFBDF494C3C}
	EndGlobalSection
EndGlobal
