
Microsoft Visual Studio Solution File, Format Version 12.00
# Visual Studio Version 18
VisualStudioVersion = 18.5.11801.241
MinimumVisualStudioVersion = 10.0.40219.1
Project("{FAE04EC0-301F-11D3-BF4B-00C04F79EFBC}") = "AsyncEndpoints.Provider.Redis", "src\AsyncEndpoints.Provider.Redis\AsyncEndpoints.Provider.Redis.csproj", "{EC1BF24C-8D4F-4387-B71A-3DD37E628992}"
EndProject
Project("{FAE04EC0-301F-11D3-BF4B-00C04F79EFBC}") = "AsyncEndpoints.Provider.Redis.UnitTests", "tests\AsyncEndpoints.Provider.Redis.UnitTests\AsyncEndpoints.Provider.Redis.UnitTests.csproj", "{E6545535-A8D7-472C-BD6F-4A174E205543}"
EndProject
Project("{2150E333-8FDC-42A3-9474-1A3956D46DE8}") = "Solution Items", "Solution Items", "{8EC462FD-D22E-90A8-E5CE-7E832BA40C5D}"
	ProjectSection(SolutionItems) = preProject
		.editorconfig = .editorconfig
	EndProjectSection
EndProject
Project("{2150E333-8FDC-42A3-9474-1A3956D46DE8}") = "src", "src", "{827E0CD3-B72D-47B6-A68D-7590B98EB39B}"
EndProject
Project("{FAE04EC0-301F-11D3-BF4B-00C04F79EFBC}") = "AsyncEndpoints.Abstractions", "src\AsyncEndpoints.Abstractions\AsyncEndpoints.Abstractions.csproj", "{40EC7411-E419-4C34-9156-00D399386811}"
EndProject
Project("{FAE04EC0-301F-11D3-BF4B-00C04F79EFBC}") = "AsyncEndpoints.Core", "src\AsyncEndpoints.Core\AsyncEndpoints.Core.csproj", "{69D510DD-2F01-48FA-85BE-F6890475626F}"
EndProject
Project("{FAE04EC0-301F-11D3-BF4B-00C04F79EFBC}") = "AsyncEndpoints.Worker", "src\AsyncEndpoints.Worker\AsyncEndpoints.Worker.csproj", "{0568696E-6E57-4CF1-8BCC-542B287EA706}"
EndProject
Project("{FAE04EC0-301F-11D3-BF4B-00C04F79EFBC}") = "AsyncEndpoints.AspNetCore", "src\AsyncEndpoints.AspNetCore\AsyncEndpoints.AspNetCore.csproj", "{F2B0586F-5133-402C-8FE3-657BF1D7B2AB}"
EndProject
Project("{FAE04EC0-301F-11D3-BF4B-00C04F79EFBC}") = "AsyncEndpoints.Provider.InMemory", "src\AsyncEndpoints.Provider.InMemory\AsyncEndpoints.Provider.InMemory.csproj", "{DAA5C443-180D-406B-87FB-637364064B0A}"
EndProject
Project("{2150E333-8FDC-42A3-9474-1A3956D46DE8}") = "tests", "tests", "{2D056183-74A7-462D-9943-AF802F4DAA8E}"
EndProject
Project("{FAE04EC0-301F-11D3-BF4B-00C04F79EFBC}") = "AsyncEndpoints.Abstractions.UnitTests", "tests\AsyncEndpoints.Abstractions.UnitTests\AsyncEndpoints.Abstractions.UnitTests.csproj", "{8FEA295C-1CB4-6C11-7A34-B1BB20395C69}"
EndProject
Project("{FAE04EC0-301F-11D3-BF4B-00C04F79EFBC}") = "AsyncEndpoints.Worker.UnitTests", "tests\AsyncEndpoints.Worker.UnitTests\AsyncEndpoints.Worker.UnitTests.csproj", "{B3ED834C-1818-DF83-487D-75EF15CC2216}"
EndProject
Project("{FAE04EC0-301F-11D3-BF4B-00C04F79EFBC}") = "AsyncEndpoints.Core.UnitTests", "tests\AsyncEndpoints.Core.UnitTests\AsyncEndpoints.Core.UnitTests.csproj", "{5C83BE77-C323-608A-3328-870A5C97F473}"
EndProject
Project("{FAE04EC0-301F-11D3-BF4B-00C04F79EFBC}") = "AsyncEndpoints.AspNetCore.UnitTests", "tests\AsyncEndpoints.AspNetCore.UnitTests\AsyncEndpoints.AspNetCore.UnitTests.csproj", "{66AE35F8-1C34-41A8-A234-E2F7CFF5F64D}"
EndProject
Project("{FAE04EC0-301F-11D3-BF4B-00C04F79EFBC}") = "AsyncEndpoints.Provider.InMemory.UnitTests", "tests\AsyncEndpoints.Provider.InMemory.UnitTests\AsyncEndpoints.Provider.InMemory.UnitTests.csproj", "{B45B3DEA-4D39-4868-82B8-60E05071B448}"
EndProject
Global
	GlobalSection(SolutionConfigurationPlatforms) = preSolution
		Debug|Any CPU = Debug|Any CPU
		Debug|x64 = Debug|x64
		Debug|x86 = Debug|x86
		Release|Any CPU = Release|Any CPU
		Release|x64 = Release|x64
		Release|x86 = Release|x86
	EndGlobalSection
	GlobalSection(ProjectConfigurationPlatforms) = postSolution
		{EC1BF24C-8D4F-4387-B71A-3DD37E628992}.Debug|Any CPU.ActiveCfg = Debug|Any CPU
		{EC1BF24C-8D4F-4387-B71A-3DD37E628992}.Debug|Any CPU.Build.0 = Debug|Any CPU
		{EC1BF24C-8D4F-4387-B71A-3DD37E628992}.Debug|x64.ActiveCfg = Debug|Any CPU
		{EC1BF24C-8D4F-4387-B71A-3DD37E628992}.Debug|x64.Build.0 = Debug|Any CPU
		{EC1BF24C-8D4F-4387-B71A-3DD37E628992}.Debug|x86.ActiveCfg = Debug|Any CPU
		{EC1BF24C-8D4F-4387-B71A-3DD37E628992}.Debug|x86.Build.0 = Debug|Any CPU
		{EC1BF24C-8D4F-4387-B71A-3DD37E628992}.Release|Any CPU.ActiveCfg = Release|Any CPU
		{EC1BF24C-8D4F-4387-B71A-3DD37E628992}.Release|Any CPU.Build.0 = Release|Any CPU
		{EC1BF24C-8D4F-4387-B71A-3DD37E628992}.Release|x64.ActiveCfg = Release|Any CPU
		{EC1BF24C-8D4F-4387-B71A-3DD37E628992}.Release|x64.Build.0 = Release|Any CPU
		{EC1BF24C-8D4F-4387-B71A-3DD37E628992}.Release|x86.ActiveCfg = Release|Any CPU
		{EC1BF24C-8D4F-4387-B71A-3DD37E628992}.Release|x86.Build.0 = Release|Any CPU
		{E6545535-A8D7-472C-BD6F-4A174E205543}.Debug|Any CPU.ActiveCfg = Debug|Any CPU
		{E6545535-A8D7-472C-BD6F-4A174E205543}.Debug|Any CPU.Build.0 = Debug|Any CPU
		{E6545535-A8D7-472C-BD6F-4A174E205543}.Debug|x64.ActiveCfg = Debug|Any CPU
		{E6545535-A8D7-472C-BD6F-4A174E205543}.Debug|x64.Build.0 = Debug|Any CPU
		{E6545535-A8D7-472C-BD6F-4A174E205543}.Debug|x86.ActiveCfg = Debug|Any CPU
		{E6545535-A8D7-472C-BD6F-4A174E205543}.Debug|x86.Build.0 = Debug|Any CPU
		{E6545535-A8D7-472C-BD6F-4A174E205543}.Release|Any CPU.ActiveCfg = Release|Any CPU
		{E6545535-A8D7-472C-BD6F-4A174E205543}.Release|Any CPU.Build.0 = Release|Any CPU
		{E6545535-A8D7-472C-BD6F-4A174E205543}.Release|x64.ActiveCfg = Release|Any CPU
		{E6545535-A8D7-472C-BD6F-4A174E205543}.Release|x64.Build.0 = Release|Any CPU
		{E6545535-A8D7-472C-BD6F-4A174E205543}.Release|x86.ActiveCfg = Release|Any CPU
		{E6545535-A8D7-472C-BD6F-4A174E205543}.Release|x86.Build.0 = Release|Any CPU
		{40EC7411-E419-4C34-9156-00D399386811}.Debug|Any CPU.ActiveCfg = Debug|Any CPU
		{40EC7411-E419-4C34-9156-00D399386811}.Debug|Any CPU.Build.0 = Debug|Any CPU
		{40EC7411-E419-4C34-9156-00D399386811}.Debug|x64.ActiveCfg = Debug|Any CPU
		{40EC7411-E419-4C34-9156-00D399386811}.Debug|x64.Build.0 = Debug|Any CPU
		{40EC7411-E419-4C34-9156-00D399386811}.Debug|x86.ActiveCfg = Debug|Any CPU
		{40EC7411-E419-4C34-9156-00D399386811}.Debug|x86.Build.0 = Debug|Any CPU
		{40EC7411-E419-4C34-9156-00D399386811}.Release|Any CPU.ActiveCfg = Release|Any CPU
		{40EC7411-E419-4C34-9156-00D399386811}.Release|Any CPU.Build.0 = Release|Any CPU
		{40EC7411-E419-4C34-9156-00D399386811}.Release|x64.ActiveCfg = Release|Any CPU
		{40EC7411-E419-4C34-9156-00D399386811}.Release|x64.Build.0 = Release|Any CPU
		{40EC7411-E419-4C34-9156-00D399386811}.Release|x86.ActiveCfg = Release|Any CPU
		{40EC7411-E419-4C34-9156-00D399386811}.Release|x86.Build.0 = Release|Any CPU
		{69D510DD-2F01-48FA-85BE-F6890475626F}.Debug|Any CPU.ActiveCfg = Debug|Any CPU
		{69D510DD-2F01-48FA-85BE-F6890475626F}.Debug|Any CPU.Build.0 = Debug|Any CPU
		{69D510DD-2F01-48FA-85BE-F6890475626F}.Debug|x64.ActiveCfg = Debug|Any CPU
		{69D510DD-2F01-48FA-85BE-F6890475626F}.Debug|x64.Build.0 = Debug|Any CPU
		{69D510DD-2F01-48FA-85BE-F6890475626F}.Debug|x86.ActiveCfg = Debug|Any CPU
		{69D510DD-2F01-48FA-85BE-F6890475626F}.Debug|x86.Build.0 = Debug|Any CPU
		{69D510DD-2F01-48FA-85BE-F6890475626F}.Release|Any CPU.ActiveCfg = Release|Any CPU
		{69D510DD-2F01-48FA-85BE-F6890475626F}.Release|Any CPU.Build.0 = Release|Any CPU
		{69D510DD-2F01-48FA-85BE-F6890475626F}.Release|x64.ActiveCfg = Release|Any CPU
		{69D510DD-2F01-48FA-85BE-F6890475626F}.Release|x64.Build.0 = Release|Any CPU
		{69D510DD-2F01-48FA-85BE-F6890475626F}.Release|x86.ActiveCfg = Release|Any CPU
		{69D510DD-2F01-48FA-85BE-F6890475626F}.Release|x86.Build.0 = Release|Any CPU
		{0568696E-6E57-4CF1-8BCC-542B287EA706}.Debug|Any CPU.ActiveCfg = Debug|Any CPU
		{0568696E-6E57-4CF1-8BCC-542B287EA706}.Debug|Any CPU.Build.0 = Debug|Any CPU
		{0568696E-6E57-4CF1-8BCC-542B287EA706}.Debug|x64.ActiveCfg = Debug|Any CPU
		{0568696E-6E57-4CF1-8BCC-542B287EA706}.Debug|x64.Build.0 = Debug|Any CPU
		{0568696E-6E57-4CF1-8BCC-542B287EA706}.Debug|x86.ActiveCfg = Debug|Any CPU
		{0568696E-6E57-4CF1-8BCC-542B287EA706}.Debug|x86.Build.0 = Debug|Any CPU
		{0568696E-6E57-4CF1-8BCC-542B287EA706}.Release|Any CPU.ActiveCfg = Release|Any CPU
		{0568696E-6E57-4CF1-8BCC-542B287EA706}.Release|Any CPU.Build.0 = Release|Any CPU
		{0568696E-6E57-4CF1-8BCC-542B287EA706}.Release|x64.ActiveCfg = Release|Any CPU
		{0568696E-6E57-4CF1-8BCC-542B287EA706}.Release|x64.Build.0 = Release|Any CPU
		{0568696E-6E57-4CF1-8BCC-542B287EA706}.Release|x86.ActiveCfg = Release|Any CPU
		{0568696E-6E57-4CF1-8BCC-542B287EA706}.Release|x86.Build.0 = Release|Any CPU
		{F2B0586F-5133-402C-8FE3-657BF1D7B2AB}.Debug|Any CPU.ActiveCfg = Debug|Any CPU
		{F2B0586F-5133-402C-8FE3-657BF1D7B2AB}.Debug|Any CPU.Build.0 = Debug|Any CPU
		{F2B0586F-5133-402C-8FE3-657BF1D7B2AB}.Debug|x64.ActiveCfg = Debug|Any CPU
		{F2B0586F-5133-402C-8FE3-657BF1D7B2AB}.Debug|x64.Build.0 = Debug|Any CPU
		{F2B0586F-5133-402C-8FE3-657BF1D7B2AB}.Debug|x86.ActiveCfg = Debug|Any CPU
		{F2B0586F-5133-402C-8FE3-657BF1D7B2AB}.Debug|x86.Build.0 = Debug|Any CPU
		{F2B0586F-5133-402C-8FE3-657BF1D7B2AB}.Release|Any CPU.ActiveCfg = Release|Any CPU
		{F2B0586F-5133-402C-8FE3-657BF1D7B2AB}.Release|Any CPU.Build.0 = Release|Any CPU
		{F2B0586F-5133-402C-8FE3-657BF1D7B2AB}.Release|x64.ActiveCfg = Release|Any CPU
		{F2B0586F-5133-402C-8FE3-657BF1D7B2AB}.Release|x64.Build.0 = Release|Any CPU
		{F2B0586F-5133-402C-8FE3-657BF1D7B2AB}.Release|x86.ActiveCfg = Release|Any CPU
		{F2B0586F-5133-402C-8FE3-657BF1D7B2AB}.Release|x86.Build.0 = Release|Any CPU
		{DAA5C443-180D-406B-87FB-637364064B0A}.Debug|Any CPU.ActiveCfg = Debug|Any CPU
		{DAA5C443-180D-406B-87FB-637364064B0A}.Debug|Any CPU.Build.0 = Debug|Any CPU
		{DAA5C443-180D-406B-87FB-637364064B0A}.Debug|x64.ActiveCfg = Debug|Any CPU
		{DAA5C443-180D-406B-87FB-637364064B0A}.Debug|x64.Build.0 = Debug|Any CPU
		{DAA5C443-180D-406B-87FB-637364064B0A}.Debug|x86.ActiveCfg = Debug|Any CPU
		{DAA5C443-180D-406B-87FB-637364064B0A}.Debug|x86.Build.0 = Debug|Any CPU
		{DAA5C443-180D-406B-87FB-637364064B0A}.Release|Any CPU.ActiveCfg = Release|Any CPU
		{DAA5C443-180D-406B-87FB-637364064B0A}.Release|Any CPU.Build.0 = Release|Any CPU
		{DAA5C443-180D-406B-87FB-637364064B0A}.Release|x64.ActiveCfg = Release|Any CPU
		{DAA5C443-180D-406B-87FB-637364064B0A}.Release|x64.Build.0 = Release|Any CPU
		{DAA5C443-180D-406B-87FB-637364064B0A}.Release|x86.ActiveCfg = Release|Any CPU
		{DAA5C443-180D-406B-87FB-637364064B0A}.Release|x86.Build.0 = Release|Any CPU
		{8FEA295C-1CB4-6C11-7A34-B1BB20395C69}.Debug|Any CPU.ActiveCfg = Debug|Any CPU
		{8FEA295C-1CB4-6C11-7A34-B1BB20395C69}.Debug|Any CPU.Build.0 = Debug|Any CPU
		{8FEA295C-1CB4-6C11-7A34-B1BB20395C69}.Debug|x64.ActiveCfg = Debug|Any CPU
		{8FEA295C-1CB4-6C11-7A34-B1BB20395C69}.Debug|x64.Build.0 = Debug|Any CPU
		{8FEA295C-1CB4-6C11-7A34-B1BB20395C69}.Debug|x86.ActiveCfg = Debug|Any CPU
		{8FEA295C-1CB4-6C11-7A34-B1BB20395C69}.Debug|x86.Build.0 = Debug|Any CPU
		{8FEA295C-1CB4-6C11-7A34-B1BB20395C69}.Release|Any CPU.ActiveCfg = Release|Any CPU
		{8FEA295C-1CB4-6C11-7A34-B1BB20395C69}.Release|Any CPU.Build.0 = Release|Any CPU
		{8FEA295C-1CB4-6C11-7A34-B1BB20395C69}.Release|x64.ActiveCfg = Release|Any CPU
		{8FEA295C-1CB4-6C11-7A34-B1BB20395C69}.Release|x64.Build.0 = Release|Any CPU
		{8FEA295C-1CB4-6C11-7A34-B1BB20395C69}.Release|x86.ActiveCfg = Release|Any CPU
		{8FEA295C-1CB4-6C11-7A34-B1BB20395C69}.Release|x86.Build.0 = Release|Any CPU
		{B3ED834C-1818-DF83-487D-75EF15CC2216}.Debug|Any CPU.ActiveCfg = Debug|Any CPU
		{B3ED834C-1818-DF83-487D-75EF15CC2216}.Debug|Any CPU.Build.0 = Debug|Any CPU
		{B3ED834C-1818-DF83-487D-75EF15CC2216}.Debug|x64.ActiveCfg = Debug|Any CPU
		{B3ED834C-1818-DF83-487D-75EF15CC2216}.Debug|x64.Build.0 = Debug|Any CPU
		{B3ED834C-1818-DF83-487D-75EF15CC2216}.Debug|x86.ActiveCfg = Debug|Any CPU
		{B3ED834C-1818-DF83-487D-75EF15CC2216}.Debug|x86.Build.0 = Debug|Any CPU
		{B3ED834C-1818-DF83-487D-75EF15CC2216}.Release|Any CPU.ActiveCfg = Release|Any CPU
		{B3ED834C-1818-DF83-487D-75EF15CC2216}.Release|Any CPU.Build.0 = Release|Any CPU
		{B3ED834C-1818-DF83-487D-75EF15CC2216}.Release|x64.ActiveCfg = Release|Any CPU
		{B3ED834C-1818-DF83-487D-75EF15CC2216}.Release|x64.Build.0 = Release|Any CPU
		{B3ED834C-1818-DF83-487D-75EF15CC2216}.Release|x86.ActiveCfg = Release|Any CPU
		{B3ED834C-1818-DF83-487D-75EF15CC2216}.Release|x86.Build.0 = Release|Any CPU
		{5C83BE77-C323-608A-3328-870A5C97F473}.Debug|Any CPU.ActiveCfg = Debug|Any CPU
		{5C83BE77-C323-608A-3328-870A5C97F473}.Debug|Any CPU.Build.0 = Debug|Any CPU
		{5C83BE77-C323-608A-3328-870A5C97F473}.Debug|x64.ActiveCfg = Debug|Any CPU
		{5C83BE77-C323-608A-3328-870A5C97F473}.Debug|x64.Build.0 = Debug|Any CPU
		{5C83BE77-C323-608A-3328-870A5C97F473}.Debug|x86.ActiveCfg = Debug|Any CPU
		{5C83BE77-C323-608A-3328-870A5C97F473}.Debug|x86.Build.0 = Debug|Any CPU
		{5C83BE77-C323-608A-3328-870A5C97F473}.Release|Any CPU.ActiveCfg = Release|Any CPU
		{5C83BE77-C323-608A-3328-870A5C97F473}.Release|Any CPU.Build.0 = Release|Any CPU
		{5C83BE77-C323-608A-3328-870A5C97F473}.Release|x64.ActiveCfg = Release|Any CPU
		{5C83BE77-C323-608A-3328-870A5C97F473}.Release|x64.Build.0 = Release|Any CPU
		{5C83BE77-C323-608A-3328-870A5C97F473}.Release|x86.ActiveCfg = Release|Any CPU
		{5C83BE77-C323-608A-3328-870A5C97F473}.Release|x86.Build.0 = Release|Any CPU
		{66AE35F8-1C34-41A8-A234-E2F7CFF5F64D}.Debug|Any CPU.ActiveCfg = Debug|Any CPU
		{66AE35F8-1C34-41A8-A234-E2F7CFF5F64D}.Debug|Any CPU.Build.0 = Debug|Any CPU
		{66AE35F8-1C34-41A8-A234-E2F7CFF5F64D}.Debug|x64.ActiveCfg = Debug|Any CPU
		{66AE35F8-1C34-41A8-A234-E2F7CFF5F64D}.Debug|x64.Build.0 = Debug|Any CPU
		{66AE35F8-1C34-41A8-A234-E2F7CFF5F64D}.Debug|x86.ActiveCfg = Debug|Any CPU
		{66AE35F8-1C34-41A8-A234-E2F7CFF5F64D}.Debug|x86.Build.0 = Debug|Any CPU
		{66AE35F8-1C34-41A8-A234-E2F7CFF5F64D}.Release|Any CPU.ActiveCfg = Release|Any CPU
		{66AE35F8-1C34-41A8-A234-E2F7CFF5F64D}.Release|Any CPU.Build.0 = Release|Any CPU
		{66AE35F8-1C34-41A8-A234-E2F7CFF5F64D}.Release|x64.ActiveCfg = Release|Any CPU
		{66AE35F8-1C34-41A8-A234-E2F7CFF5F64D}.Release|x64.Build.0 = Release|Any CPU
		{66AE35F8-1C34-41A8-A234-E2F7CFF5F64D}.Release|x86.ActiveCfg = Release|Any CPU
		{66AE35F8-1C34-41A8-A234-E2F7CFF5F64D}.Release|x86.Build.0 = Release|Any CPU
		{B45B3DEA-4D39-4868-82B8-60E05071B448}.Debug|Any CPU.ActiveCfg = Debug|Any CPU
		{B45B3DEA-4D39-4868-82B8-60E05071B448}.Debug|Any CPU.Build.0 = Debug|Any CPU
		{B45B3DEA-4D39-4868-82B8-60E05071B448}.Debug|x64.ActiveCfg = Debug|Any CPU
		{B45B3DEA-4D39-4868-82B8-60E05071B448}.Debug|x64.Build.0 = Debug|Any CPU
		{B45B3DEA-4D39-4868-82B8-60E05071B448}.Debug|x86.ActiveCfg = Debug|Any CPU
		{B45B3DEA-4D39-4868-82B8-60E05071B448}.Debug|x86.Build.0 = Debug|Any CPU
		{B45B3DEA-4D39-4868-82B8-60E05071B448}.Release|Any CPU.ActiveCfg = Release|Any CPU
		{B45B3DEA-4D39-4868-82B8-60E05071B448}.Release|Any CPU.Build.0 = Release|Any CPU
		{B45B3DEA-4D39-4868-82B8-60E05071B448}.Release|x64.ActiveCfg = Release|Any CPU
		{B45B3DEA-4D39-4868-82B8-60E05071B448}.Release|x64.Build.0 = Release|Any CPU
		{B45B3DEA-4D39-4868-82B8-60E05071B448}.Release|x86.ActiveCfg = Release|Any CPU
		{B45B3DEA-4D39-4868-82B8-60E05071B448}.Release|x86.Build.0 = Release|Any CPU
	EndGlobalSection
	GlobalSection(SolutionProperties) = preSolution
		HideSolutionNode = FALSE
	EndGlobalSection
	GlobalSection(NestedProjects) = preSolution
		{EC1BF24C-8D4F-4387-B71A-3DD37E628992} = {827E0CD3-B72D-47B6-A68D-7590B98EB39B}
		{E6545535-A8D7-472C-BD6F-4A174E205543} = {2D056183-74A7-462D-9943-AF802F4DAA8E}
		{40EC7411-E419-4C34-9156-00D399386811} = {827E0CD3-B72D-47B6-A68D-7590B98EB39B}
		{69D510DD-2F01-48FA-85BE-F6890475626F} = {827E0CD3-B72D-47B6-A68D-7590B98EB39B}
		{0568696E-6E57-4CF1-8BCC-542B287EA706} = {827E0CD3-B72D-47B6-A68D-7590B98EB39B}
		{F2B0586F-5133-402C-8FE3-657BF1D7B2AB} = {827E0CD3-B72D-47B6-A68D-7590B98EB39B}
		{DAA5C443-180D-406B-87FB-637364064B0A} = {827E0CD3-B72D-47B6-A68D-7590B98EB39B}
		{8FEA295C-1CB4-6C11-7A34-B1BB20395C69} = {2D056183-74A7-462D-9943-AF802F4DAA8E}
		{B3ED834C-1818-DF83-487D-75EF15CC2216} = {2D056183-74A7-462D-9943-AF802F4DAA8E}
		{5C83BE77-C323-608A-3328-870A5C97F473} = {2D056183-74A7-462D-9943-AF802F4DAA8E}
		{66AE35F8-1C34-41A8-A234-E2F7CFF5F64D} = {2D056183-74A7-462D-9943-AF802F4DAA8E}
		{B45B3DEA-4D39-4868-82B8-60E05071B448} = {2D056183-74A7-462D-9943-AF802F4DAA8E}
	EndGlobalSection
	GlobalSection(ExtensibilityGlobals) = postSolution
		SolutionGuid = {4327809C-DF4B-447B-9133-EFFBDF494C3C}
	EndGlobalSection
EndGlobal
